
Microsoft Visual Studio Solution File, Format Version 12.00
# Visual Studio Version 16
VisualStudioVersion = 16.0.31205.134
MinimumVisualStudioVersion = 10.0.40219.1
Project("{FAE04EC0-301F-11D3-BF4B-00C04F79EFBC}") = "проверка пароля", "проверка пароля\проверка пароля.csproj", "{681C060C-53A1-4409-B774-7CA0E4EFE5F9}"
EndProject
Global
	GlobalSection(SolutionConfigurationPlatforms) = preSolution
		Debug|Any CPU = Debug|Any CPU
		Release|Any CPU = Release|Any CPU
	EndGlobalSection
	GlobalSection(ProjectConfigurationPlatforms) = postSolution
		{681C060C-53A1-4409-B774-7CA0E4EFE5F9}.Debug|Any CPU.ActiveCfg = Debug|Any CPU
		{681C060C-53A1-4409-B774-7CA0E4EFE5F9}.Debug|Any CPU.Build.0 = Debug|Any CPU
		{681C060C-53A1-4409-B774-7CA0E4EFE5F9}.Release|Any CPU.ActiveCfg = Release|Any CPU
		{681C060C-53A1-4409-B774-7CA0E4EFE5F9}.Release|Any CPU.Build.0 = Release|Any CPU
	EndGlobalSection
	GlobalSection(SolutionProperties) = preSolution
		HideSolutionNode = FALSE
	EndGlobalSection
	GlobalSection(ExtensibilityGlobals) = postSolution
		SolutionGuid = {4692B3FC-273E-4C38-BF71-F375CEED9D98}
	EndGlobalSection
EndGlobal
